PODS:
  - Capacitor (5.7.0):
    - CapacitorCordova
  - CapacitorCordova (5.7.0)
  - CapacitorStatusBar (5.0.7):
    - Capacitor

DEPENDENCIES:
  - "Capacitor (from `../../node_modules/@capacitor/ios`)"
  - "CapacitorCordova (from `../../node_modules/@capacitor/ios`)"
  - "CapacitorStatusBar (from `../../node_modules/@capacitor/status-bar`)"

EXTERNAL SOURCES:
  Capacitor:
    :path: "../../node_modules/@capacitor/ios"
  CapacitorCordova:
    :path: "../../node_modules/@capacitor/ios"
  CapacitorStatusBar:
    :path: "../../node_modules/@capacitor/status-bar"

SPEC CHECKSUMS:
  Capacitor: fc155ee2ee45a2093d716f13cf5aa5a865e2d85a
  CapacitorCordova: e825fce1a2e14e4b5730641c7e098dccf74397b7
  CapacitorStatusBar: f390fbb49b82ffb754ea4b3cf71dc8b048baf3e7

PODFILE CHECKSUM: fb6b0853c309f7e22b75d4c9bb586b3d3aa92a4b

COCOAPODS: 1.14.2
